{
  "name": "zigglgen",
  "lockfileVersion": 2,
  "requires": true,
  "packages": {
    "": {
      "devDependencies": {
        "typescript": "^4.9.5",
        "vite": "^4.1.4"
      }
    },
    "node_modules/@esbuild/win32-x64": {
      "version": "0.16.14",
      "cpu": [
        "x64"
      ],
      "dev": true,
      "license": "MIT",
      "optional": true,
      "os": [
        "win32"
      ],
      "engines": {
        "node": ">=12"
      }
    },
    "node_modules/esbuild": {
      "version": "0.16.14",
      "dev": true,
      "hasInstallScript": true,
      "license": "MIT",
      "bin": {
        "esbuild": "bin/esbuild"
      },
      "engines": {
        "node": ">=12"
      },
      "optionalDependencies": {
        "@esbuild/android-arm": "0.16.14",
        "@esbuild/android-arm64": "0.16.14",
        "@esbuild/android-x64": "0.16.14",
        "@esbuild/darwin-arm64": "0.16.14",
        "@esbuild/darwin-x64": "0.16.14",
        "@esbuild/freebsd-arm64": "0.16.14",
        "@esbuild/freebsd-x64": "0.16.14",
        "@esbuild/linux-arm": "0.16.14",
        "@esbuild/linux-arm64": "0.16.14",
        "@esbuild/linux-ia32": "0.16.14",
        "@esbuild/linux-loong64": "0.16.14",
        "@esbuild/linux-mips64el": "0.16.14",
        "@esbuild/linux-ppc64": "0.16.14",
        "@esbuild/linux-riscv64": "0.16.14",
        "@esbuild/linux-s390x": "0.16.14",
        "@esbuild/linux-x64": "0.16.14",
        "@esbuild/netbsd-x64": "0.16.14",
        "@esbuild/openbsd-x64": "0.16.14",
        "@esbuild/sunos-x64": "0.16.14",
        "@esbuild/win32-arm64": "0.16.14",
        "@esbuild/win32-ia32": "0.16.14",
        "@esbuild/win32-x64": "0.16.14"
      }
    },
    "node_modules/fsevents": {
      "version": "2.3.2",
      "resolved": "https://registry.npmjs.org/fsevents/-/fsevents-2.3.2.tgz",
      "integrity": "sha512-xiqMQR4xAeHTuB9uWm+fFRcIOgKBMiOBP+eXiyT7jsgVCq1bkVygt00oASowB7EdtpOHaaPgKt812P9ab+DDKA==",
      "dev": true,
      "hasInstallScript": true,
      "optional": true,
      "os": [
        "darwin"
      ],
      "engines": {
        "node": "^8.16.0 || ^10.6.0 || >=11.0.0"
      }
    },
    "node_modules/function-bind": {
      "version": "1.1.1",
      "dev": true,
      "license": "MIT"
    },
    "node_modules/has": {
      "version": "1.0.3",
      "dev": true,
      "license": "MIT",
      "dependencies": {
        "function-bind": "^1.1.1"
      },
      "engines": {
        "node": ">= 0.4.0"
      }
    },
    "node_modules/is-core-module": {
      "version": "2.11.0",
      "dev": true,
      "license": "MIT",
      "dependencies": {
        "has": "^1.0.3"
      },
      "funding": {
        "url": "https://github.com/sponsors/ljharb"
      }
    },
    "node_modules/nanoid": {
      "version": "3.3.4",
      "resolved": "https://registry.npmjs.org/nanoid/-/nanoid-3.3.4.tgz",
      "integrity": "sha512-MqBkQh/OHTS2egovRtLk45wEyNXwF+cokD+1YPf9u5VfJiRdAiRwB2froX5Co9Rh20xs4siNPm8naNotSD6RBw==",
      "dev": true,
      "bin": {
        "nanoid": "bin/nanoid.cjs"
      },
      "engines": {
        "node": "^10 || ^12 || ^13.7 || ^14 || >=15.0.1"
      }
    },
    "node_modules/path-parse": {
      "version": "1.0.7",
      "dev": true,
      "license": "MIT"
    },
    "node_modules/picocolors": {
      "version": "1.0.0",
      "resolved": "https://registry.npmjs.org/picocolors/-/picocolors-1.0.0.tgz",
      "integrity": "sha512-1fygroTLlHu66zi26VoTDv8yRgm0Fccecssto+MhsZ0D/DGW2sm8E8AjW7NU5VVTRt5GxbeZ5qBuJr+HyLYkjQ==",
      "dev": true
    },
    "node_modules/postcss": {
      "version": "8.4.21",
      "resolved": "https://registry.npmjs.org/postcss/-/postcss-8.4.21.tgz",
      "integrity": "sha512-tP7u/Sn/dVxK2NnruI4H9BG+x+Wxz6oeZ1cJ8P6G/PZY0IKk4k/63TDsQf2kQq3+qoJeLm2kIBUNlZe3zgb4Zg==",
      "dev": true,
      "funding": [
        {
          "type": "opencollective",
          "url": "https://opencollective.com/postcss/"
        },
        {
          "type": "tidelift",
          "url": "https://tidelift.com/funding/github/npm/postcss"
        }
      ],
      "dependencies": {
        "nanoid": "^3.3.4",
        "picocolors": "^1.0.0",
        "source-map-js": "^1.0.2"
      },
      "engines": {
        "node": "^10 || ^12 || >=14"
      }
    },
    "node_modules/resolve": {
      "version": "1.22.1",
      "dev": true,
      "license": "MIT",
      "dependencies": {
        "is-core-module": "^2.9.0",
        "path-parse": "^1.0.7",
        "supports-preserve-symlinks-flag": "^1.0.0"
      },
      "bin": {
        "resolve": "bin/resolve"
      },
      "funding": {
        "url": "https://github.com/sponsors/ljharb"
      }
    },
    "node_modules/rollup": {
      "version": "3.17.1",
      "resolved": "https://registry.npmjs.org/rollup/-/rollup-3.17.1.tgz",
      "integrity": "sha512-8RnSms6rNqHmZK+wiqgnPCqen+rRnUHXkciGDirh7B00g1rX1vpKbPDhuxCvAG2bburoI+W4Q9/PlUB/zYkiYA==",
      "dev": true,
      "bin": {
        "rollup": "dist/bin/rollup"
      },
      "engines": {
        "node": ">=14.18.0",
        "npm": ">=8.0.0"
      },
      "optionalDependencies": {
        "fsevents": "~2.3.2"
      }
    },
    "node_modules/source-map-js": {
      "version": "1.0.2",
      "resolved": "https://registry.npmjs.org/source-map-js/-/source-map-js-1.0.2.tgz",
      "integrity": "sha512-R0XvVJ9WusLiqTCEiGCmICCMplcCkIwwR11mOSD9CR5u+IXYdiseeEuXCVAjS54zqwkLcPNnmU4OeJ6tUrWhDw==",
      "dev": true,
      "engines": {
        "node": ">=0.10.0"
      }
    },
    "node_modules/supports-preserve-symlinks-flag": {
      "version": "1.0.0",
      "dev": true,
      "license": "MIT",
      "engines": {
        "node": ">= 0.4"
      },
      "funding": {
        "url": "https://github.com/sponsors/ljharb"
      }
    },
    "node_modules/typescript": {
      "version": "4.9.5",
      "resolved": "https://registry.npmjs.org/typescript/-/typescript-4.9.5.tgz",
      "integrity": "sha512-1FXk9E2Hm+QzZQ7z+McJiHL4NW1F2EzMu9Nq9i3zAaGqibafqYwCVU6WyWAuyQRRzOlxou8xZSyXLEN8oKj24g==",
      "dev": true,
      "bin": {
        "tsc": "bin/tsc",
        "tsserver": "bin/tsserver"
      },
      "engines": {
        "node": ">=4.2.0"
      }
    },
    "node_modules/vite": {
      "version": "4.1.4",
      "resolved": "https://registry.npmjs.org/vite/-/vite-4.1.4.tgz",
      "integrity": "sha512-3knk/HsbSTKEin43zHu7jTwYWv81f8kgAL99G5NWBcA1LKvtvcVAC4JjBH1arBunO9kQka+1oGbrMKOjk4ZrBg==",
      "dev": true,
      "dependencies": {
        "esbuild": "^0.16.14",
        "postcss": "^8.4.21",
        "resolve": "^1.22.1",
        "rollup": "^3.10.0"
      },
      "bin": {
        "vite": "bin/vite.js"
      },
      "engines": {
        "node": "^14.18.0 || >=16.0.0"
      },
      "optionalDependencies": {
        "fsevents": "~2.3.2"
      },
      "peerDependencies": {
        "@types/node": ">= 14",
        "less": "*",
        "sass": "*",
        "stylus": "*",
        "sugarss": "*",
        "terser": "^5.4.0"
      },
      "peerDependenciesMeta": {
        "@types/node": {
          "optional": true
        },
        "less": {
          "optional": true
        },
        "sass": {
          "optional": true
        },
        "stylus": {
          "optional": true
        },
        "sugarss": {
          "optional": true
        },
        "terser": {
          "optional": true
        }
      }
    }
  },
  "dependencies": {
    "@esbuild/win32-x64": {
      "version": "0.16.14",
      "dev": true,
      "optional": true
    },
    "esbuild": {
      "version": "0.16.14",
      "dev": true,
      "requires": {
        "@esbuild/android-arm": "0.16.14",
        "@esbuild/android-arm64": "0.16.14",
        "@esbuild/android-x64": "0.16.14",
        "@esbuild/darwin-arm64": "0.16.14",
        "@esbuild/darwin-x64": "0.16.14",
        "@esbuild/freebsd-arm64": "0.16.14",
        "@esbuild/freebsd-x64": "0.16.14",
        "@esbuild/linux-arm": "0.16.14",
        "@esbuild/linux-arm64": "0.16.14",
        "@esbuild/linux-ia32": "0.16.14",
        "@esbuild/linux-loong64": "0.16.14",
        "@esbuild/linux-mips64el": "0.16.14",
        "@esbuild/linux-ppc64": "0.16.14",
        "@esbuild/linux-riscv64": "0.16.14",
        "@esbuild/linux-s390x": "0.16.14",
        "@esbuild/linux-x64": "0.16.14",
        "@esbuild/netbsd-x64": "0.16.14",
        "@esbuild/openbsd-x64": "0.16.14",
        "@esbuild/sunos-x64": "0.16.14",
        "@esbuild/win32-arm64": "0.16.14",
        "@esbuild/win32-ia32": "0.16.14",
        "@esbuild/win32-x64": "0.16.14"
      }
    },
    "fsevents": {
      "version": "2.3.2",
      "resolved": "https://registry.npmjs.org/fsevents/-/fsevents-2.3.2.tgz",
      "integrity": "sha512-xiqMQR4xAeHTuB9uWm+fFRcIOgKBMiOBP+eXiyT7jsgVCq1bkVygt00oASowB7EdtpOHaaPgKt812P9ab+DDKA==",
      "dev": true,
      "optional": true
    },
    "function-bind": {
      "version": "1.1.1",
      "dev": true
    },
    "has": {
      "version": "1.0.3",
      "dev": true,
      "requires": {
        "function-bind": "^1.1.1"
      }
    },
    "is-core-module": {
      "version": "2.11.0",
      "dev": true,
      "requires": {
        "has": "^1.0.3"
      }
    },
    "nanoid": {
      "version": "3.3.4",
      "resolved": "https://registry.npmjs.org/nanoid/-/nanoid-3.3.4.tgz",
      "integrity": "sha512-MqBkQh/OHTS2egovRtLk45wEyNXwF+cokD+1YPf9u5VfJiRdAiRwB2froX5Co9Rh20xs4siNPm8naNotSD6RBw==",
      "dev": true
    },
    "path-parse": {
      "version": "1.0.7",
      "dev": true
    },
    "picocolors": {
      "version": "1.0.0",
      "resolved": "https://registry.npmjs.org/picocolors/-/picocolors-1.0.0.tgz",
      "integrity": "sha512-1fygroTLlHu66zi26VoTDv8yRgm0Fccecssto+MhsZ0D/DGW2sm8E8AjW7NU5VVTRt5GxbeZ5qBuJr+HyLYkjQ==",
      "dev": true
    },
    "postcss": {
      "version": "8.4.21",
      "resolved": "https://registry.npmjs.org/postcss/-/postcss-8.4.21.tgz",
      "integrity": "sha512-tP7u/Sn/dVxK2NnruI4H9BG+x+Wxz6oeZ1cJ8P6G/PZY0IKk4k/63TDsQf2kQq3+qoJeLm2kIBUNlZe3zgb4Zg==",
      "dev": true,
      "requires": {
        "nanoid": "^3.3.4",
        "picocolors": "^1.0.0",
        "source-map-js": "^1.0.2"
      }
    },
    "resolve": {
      "version": "1.22.1",
      "dev": true,
      "requires": {
        "is-core-module": "^2.9.0",
        "path-parse": "^1.0.7",
        "supports-preserve-symlinks-flag": "^1.0.0"
      }
    },
    "rollup": {
      "version": "3.17.1",
      "resolved": "https://registry.npmjs.org/rollup/-/rollup-3.17.1.tgz",
      "integrity": "sha512-8RnSms6rNqHmZK+wiqgnPCqen+rRnUHXkciGDirh7B00g1rX1vpKbPDhuxCvAG2bburoI+W4Q9/PlUB/zYkiYA==",
      "dev": true,
      "requires": {
        "fsevents": "~2.3.2"
      }
    },
    "source-map-js": {
      "version": "1.0.2",
      "resolved": "https://registry.npmjs.org/source-map-js/-/source-map-js-1.0.2.tgz",
      "integrity": "sha512-R0XvVJ9WusLiqTCEiGCmICCMplcCkIwwR11mOSD9CR5u+IXYdiseeEuXCVAjS54zqwkLcPNnmU4OeJ6tUrWhDw==",
      "dev": true
    },
    "supports-preserve-symlinks-flag": {
      "version": "1.0.0",
      "dev": true
    },
    "typescript": {
      "version": "4.9.5",
      "resolved": "https://registry.npmjs.org/typescript/-/typescript-4.9.5.tgz",
      "integrity": "sha512-1FXk9E2Hm+QzZQ7z+McJiHL4NW1F2EzMu9Nq9i3zAaGqibafqYwCVU6WyWAuyQRRzOlxou8xZSyXLEN8oKj24g==",
      "dev": true
    },
    "vite": {
      "version": "4.1.4",
      "resolved": "https://registry.npmjs.org/vite/-/vite-4.1.4.tgz",
      "integrity": "sha512-3knk/HsbSTKEin43zHu7jTwYWv81f8kgAL99G5NWBcA1LKvtvcVAC4JjBH1arBunO9kQka+1oGbrMKOjk4ZrBg==",
      "dev": true,
      "requires": {
        "esbuild": "^0.16.14",
        "fsevents": "~2.3.2",
        "postcss": "^8.4.21",
        "resolve": "^1.22.1",
        "rollup": "^3.10.0"
      }
    }
  }
}
